// !$*UTF8*$!
{
	archiveVersion = 1;
	classes = {
	};
	objectVersion = 56;
	objects = {

/* Begin PBXBuildFile section */
		E879A49A2A005EF700F852AF /* AppDelegate.swift in Sources */ = {isa = PBXBuildFile; fileRef = E879A4992A005EF700F852AF /* AppDelegate.swift */; };
		E879A49C2A005EF700F852AF /* SceneDelegate.swift in Sources */ = {isa = PBXBuildFile; fileRef = E879A49B2A005EF700F852AF /* SceneDelegate.swift */; };
		E879A49E2A005EF700F852AF /* ViewController.swift in Sources */ = {isa = PBXBuildFile; fileRef = E879A49D2A005EF700F852AF /* ViewController.swift */; };
		E879A4A12A005EF700F852AF /* Main.storyboard in Resources */ = {isa = PBXBuildFile; fileRef = E879A49F2A005EF700F852AF /* Main.storyboard */; };
		E879A4A32A005EF900F852AF /* Assets.xcassets in Resources */ = {isa = PBXBuildFile; fileRef = E879A4A22A005EF900F852AF /* Assets.xcassets */; };
		E879A4A62A005EF900F852AF /* LaunchScreen.storyboard in Resources */ = {isa = PBXBuildFile; fileRef = E879A4A42A005EF900F852AF /* LaunchScreen.storyboard */; };
		E879A4B82A005FFA00F852AF /* nssl0049.jpg in Resources */ = {isa = PBXBuildFile; fileRef = E879A4AE2A005FF900F852AF /* nssl0049.jpg */; };
		E879A4B92A005FFA00F852AF /* nssl0046.jpg in Resources */ = {isa = PBXBuildFile; fileRef = E879A4AF2A005FF900F852AF /* nssl0046.jpg */; };
		E879A4BA2A005FFA00F852AF /* nssl0091.jpg in Resources */ = {isa = PBXBuildFile; fileRef = E879A4B02A005FF900F852AF /* nssl0091.jpg */; };
		E879A4BB2A005FFA00F852AF /* nssl0045.jpg in Resources */ = {isa = PBXBuildFile; fileRef = E879A4B12A005FF900F852AF /* nssl0045.jpg */; };
		E879A4BC2A005FFA00F852AF /* nssl0051.jpg in Resources */ = {isa = PBXBuildFile; fileRef = E879A4B22A005FF900F852AF /* nssl0051.jpg */; };
		E879A4BD2A005FFA00F852AF /* nssl0041.jpg in Resources */ = {isa = PBXBuildFile; fileRef = E879A4B32A005FF900F852AF /* nssl0041.jpg */; };
		E879A4BE2A005FFA00F852AF /* nssl0042.jpg in Resources */ = {isa = PBXBuildFile; fileRef = E879A4B42A005FF900F852AF /* nssl0042.jpg */; };
		E879A4BF2A005FFA00F852AF /* nssl0043.jpg in Resources */ = {isa = PBXBuildFile; fileRef = E879A4B52A005FF900F852AF /* nssl0043.jpg */; };
		E879A4C02A005FFA00F852AF /* nssl0033.jpg in Resources */ = {isa = PBXBuildFile; fileRef = E879A4B62A005FF900F852AF /* nssl0033.jpg */; };
		E879A4C12A005FFA00F852AF /* nssl0034.jpg in Resources */ = {isa = PBXBuildFile; fileRef = E879A4B72A005FF900F852AF /* nssl0034.jpg */; };
		E879A4C92A0098AE00F852AF /* DetailViewController.swift in Sources */ = {isa = PBXBuildFile; fileRef = E879A4C82A0098AE00F852AF /* DetailViewController.swift */; };
/* End PBXBuildFile section */

/* Begin PBXFileReference section */
		E879A4962A005EF700F852AF /* Project1UIkit.app */ = {isa = PBXFileReference; explicitFileType = wrapper.application; includeInIndex = 0; path = Project1UIkit.app; sourceTree = BUILT_PRODUCTS_DIR; };
		E879A4992A005EF700F852AF /* AppDelegate.swift */ = {isa = PBXFileReference; lastKnownFileType = sourcecode.swift; path = AppDelegate.swift; sourceTree = "<group>"; };
		E879A49B2A005EF700F852AF /* SceneDelegate.swift */ = {isa = PBXFileReference; lastKnownFileType = sourcecode.swift; path = SceneDelegate.swift; sourceTree = "<group>"; };
		E879A49D2A005EF700F852AF /* ViewController.swift */ = {isa = PBXFileReference; lastKnownFileType = sourcecode.swift; path = ViewController.swift; sourceTree = "<group>"; };
		E879A4A02A005EF700F852AF /* Base */ = {isa = PBXFileReference; lastKnownFileType = file.storyboard; name = Base; path = Base.lproj/Main.storyboard; sourceTree = "<group>"; };
		E879A4A22A005EF900F852AF /* Assets.xcassets */ = {isa = PBXFileReference; lastKnownFileType = folder.assetcatalog; path = Assets.xcassets; sourceTree = "<group>"; };
		E879A4A52A005EF900F852AF /* Base */ = {isa = PBXFileReference; lastKnownFileType = file.storyboard; name = Base; path = Base.lproj/LaunchScreen.storyboard; sourceTree = "<group>"; };
		E879A4A72A005EF900F852AF /* Info.plist */ = {isa = PBXFileReference; lastKnownFileType = text.plist.xml; path = Info.plist; sourceTree = "<group>"; };
		E879A4AE2A005FF900F852AF /* nssl0049.jpg */ = {isa = PBXFileReference; lastKnownFileType = image.jpeg; path = nssl0049.jpg; sourceTree = "<group>"; };
		E879A4AF2A005FF900F852AF /* nssl0046.jpg */ = {isa = PBXFileReference; lastKnownFileType = image.jpeg; path = nssl0046.jpg; sourceTree = "<group>"; };
		E879A4B02A005FF900F852AF /* nssl0091.jpg */ = {isa = PBXFileReference; lastKnownFileType = image.jpeg; path = nssl0091.jpg; sourceTree = "<group>"; };
		E879A4B12A005FF900F852AF /* nssl0045.jpg */ = {isa = PBXFileReference; lastKnownFileType = image.jpeg; path = nssl0045.jpg; sourceTree = "<group>"; };
		E879A4B22A005FF900F852AF /* nssl0051.jpg */ = {isa = PBXFileReference; lastKnownFileType = image.jpeg; path = nssl0051.jpg; sourceTree = "<group>"; };
		E879A4B32A005FF900F852AF /* nssl0041.jpg */ = {isa = PBXFileReference; lastKnownFileType = image.jpeg; path = nssl0041.jpg; sourceTree = "<group>"; };
		E879A4B42A005FF900F852AF /* nssl0042.jpg */ = {isa = PBXFileReference; lastKnownFileType = image.jpeg; path = nssl0042.jpg; sourceTree = "<group>"; };
		E879A4B52A005FF900F852AF /* nssl0043.jpg */ = {isa = PBXFileReference; lastKnownFileType = image.jpeg; path = nssl0043.jpg; sourceTree = "<group>"; };
		E879A4B62A005FF900F852AF /* nssl0033.jpg */ = {isa = PBXFileReference; lastKnownFileType = image.jpeg; path = nssl0033.jpg; sourceTree = "<group>"; };
		E879A4B72A005FF900F852AF /* nssl0034.jpg */ = {isa = PBXFileReference; lastKnownFileType = image.jpeg; path = nssl0034.jpg; sourceTree = "<group>"; };
		E879A4C82A0098AE00F852AF /* DetailViewController.swift */ = {isa = PBXFileReference; lastKnownFileType = sourcecode.swift; path = DetailViewController.swift; sourceTree = "<group>"; };
/* End PBXFileReference section */

/* Begin PBXFrameworksBuildPhase section */
		E879A4932A005EF700F852AF /* Frameworks */ = {
			isa = PBXFrameworksBuildPhase;
			buildActionMask = 2147483647;
			files = (
			);
			runOnlyForDeploymentPostprocessing = 0;
		};
/* End PBXFrameworksBuildPhase section */

/* Begin PBXGroup section */
		E879A48D2A005EF700F852AF = {
			isa = PBXGroup;
			children = (
				E879A4982A005EF700F852AF /* Project1UIkit */,
				E879A4972A005EF700F852AF /* Products */,
			);
			sourceTree = "<group>";
		};
		E879A4972A005EF700F852AF /* Products */ = {
			isa = PBXGroup;
			children = (
				E879A4962A005EF700F852AF /* Project1UIkit.app */,
			);
			name = Products;
			sourceTree = "<group>";
		};
		E879A4982A005EF700F852AF /* Project1UIkit */ = {
			isa = PBXGroup;
			children = (
				E879A4992A005EF700F852AF /* AppDelegate.swift */,
				E879A49B2A005EF700F852AF /* SceneDelegate.swift */,
				E879A49D2A005EF700F852AF /* ViewController.swift */,
				E879A4C82A0098AE00F852AF /* DetailViewController.swift */,
				E879A49F2A005EF700F852AF /* Main.storyboard */,
				E879A4A22A005EF900F852AF /* Assets.xcassets */,
				E879A4AD2A005FF900F852AF /* Content */,
				E879A4A42A005EF900F852AF /* LaunchScreen.storyboard */,
				E879A4A72A005EF900F852AF /* Info.plist */,
			);
			path = Project1UIkit;
			sourceTree = "<group>";
		};
		E879A4AD2A005FF900F852AF /* Content */ = {
			isa = PBXGroup;
			children = (
				E879A4AE2A005FF900F852AF /* nssl0049.jpg */,
				E879A4AF2A005FF900F852AF /* nssl0046.jpg */,
				E879A4B02A005FF900F852AF /* nssl0091.jpg */,
				E879A4B12A005FF900F852AF /* nssl0045.jpg */,
				E879A4B22A005FF900F852AF /* nssl0051.jpg */,
				E879A4B32A005FF900F852AF /* nssl0041.jpg */,
				E879A4B42A005FF900F852AF /* nssl0042.jpg */,
				E879A4B52A005FF900F852AF /* nssl0043.jpg */,
				E879A4B62A005FF900F852AF /* nssl0033.jpg */,
				E879A4B72A005FF900F852AF /* nssl0034.jpg */,
			);
			path = Content;
			sourceTree = "<group>";
		};
/* End PBXGroup section */

/* Begin PBXNativeTarget section */
		E879A4952A005EF700F852AF /* Project1UIkit */ = {
			isa = PBXNativeTarget;
			buildConfigurationList = E879A4AA2A005EF900F852AF /* Build configuration list for PBXNativeTarget "Project1UIkit" */;
			buildPhases = (
				E879A4922A005EF700F852AF /* Sources */,
				E879A4932A005EF700F852AF /* Frameworks */,
				E879A4942A005EF700F852AF /* Resources */,
			);
			buildRules = (
			);
			dependencies = (
			);
			name = Project1UIkit;
			productName = Project1UIkit;
			productReference = E879A4962A005EF700F852AF /* Project1UIkit.app */;
			productType = "com.apple.product-type.application";
		};
/* End PBXNativeTarget section */

/* Begin PBXProject section */
		E879A48E2A005EF700F852AF /* Project object */ = {
			isa = PBXProject;
			attributes = {
				BuildIndependentTargetsInParallel = 1;
				LastSwiftUpdateCheck = 1430;
				LastUpgradeCheck = 1430;
				TargetAttributes = {
					E879A4952A005EF700F852AF = {
						CreatedOnToolsVersion = 14.3;
					};
				};
			};
			buildConfigurationList = E879A4912A005EF700F852AF /* Build configuration list for PBXProject "Project1UIkit" */;
			compatibilityVersion = "Xcode 14.0";
			developmentRegion = en;
			hasScannedForEncodings = 0;
			knownRegions = (
				en,
				Base,
			);
			mainGroup = E879A48D2A005EF700F852AF;
			productRefGroup = E879A4972A005EF700F852AF /* Products */;
			projectDirPath = "";
			projectRoot = "";
			targets = (
				E879A4952A005EF700F852AF /* Project1UIkit */,
			);
		};
/* End PBXProject section */

/* Begin PBXResourcesBuildPhase section */
		E879A4942A005EF700F852AF /* Resources */ = {
			isa = PBXResourcesBuildPhase;
			buildActionMask = 2147483647;
			files = (
				E879A4B92A005FFA00F852AF /* nssl0046.jpg in Resources */,
				E879A4C02A005FFA00F852AF /* nssl0033.jpg in Resources */,
				E879A4BC2A005FFA00F852AF /* nssl0051.jpg in Resources */,
				E879A4BA2A005FFA00F852AF /* nssl0091.jpg in Resources */,
				E879A4BF2A005FFA00F852AF /* nssl0043.jpg in Resources */,
				E879A4C12A005FFA00F852AF /* nssl0034.jpg in Resources */,
				E879A4B82A005FFA00F852AF /* nssl0049.jpg in Resources */,
				E879A4BD2A005FFA00F852AF /* nssl0041.jpg in Resources */,
				E879A4BE2A005FFA00F852AF /* nssl0042.jpg in Resources */,
				E879A4A62A005EF900F852AF /* LaunchScreen.storyboard in Resources */,
				E879A4A32A005EF900F852AF /* Assets.xcassets in Resources */,
				E879A4BB2A005FFA00F852AF /* nssl0045.jpg in Resources */,
				E879A4A12A005EF700F852AF /* Main.storyboard in Resources */,
			);
			runOnlyForDeploymentPostprocessing = 0;
		};
/* End PBXResourcesBuildPhase section */

/* Begin PBXSourcesBuildPhase section */
		E879A4922A005EF700F852AF /* Sources */ = {
			isa = PBXSourcesBuildPhase;
			buildActionMask = 2147483647;
			files = (
				E879A49E2A005EF700F852AF /* ViewController.swift in Sources */,
				E879A49A2A005EF700F852AF /* AppDelegate.swift in Sources */,
				E879A49C2A005EF700F852AF /* SceneDelegate.swift in Sources */,
				E879A4C92A0098AE00F852AF /* DetailViewController.swift in Sources */,
			);
			runOnlyForDeploymentPostprocessing = 0;
		};
/* End PBXSourcesBuildPhase section */

/* Begin PBXVariantGroup section */
		E879A49F2A005EF700F852AF /* Main.storyboard */ = {
			isa = PBXVariantGroup;
			children = (
				E879A4A02A005EF700F852AF /* Base */,
			);
			name = Main.storyboard;
			sourceTree = "<group>";
		};
		E879A4A42A005EF900F852AF /* LaunchScreen.storyboard */ = {
			isa = PBXVariantGroup;
			children = (
				E879A4A52A005EF900F852AF /* Base */,
			);
			name = LaunchScreen.storyboard;
			sourceTree = "<group>";
		};
/* End PBXVariantGroup section */

/* Begin XCBuildConfiguration section */
		E879A4A82A005EF900F852AF /* Debug */ = {
			isa = XCBuildConfiguration;
			buildSettings = {
				ALWAYS_SEARCH_USER_PATHS = NO;
				CLANG_ANALYZER_NONNULL = YES;
				CLANG_ANALYZER_NUMBER_OBJECT_CONVERSION = YES_AGGRESSIVE;
				CLANG_CXX_LANGUAGE_STANDARD = "gnu++20";
				CLANG_ENABLE_MODULES = YES;
				CLANG_ENABLE_OBJC_ARC = YES;
				CLANG_ENABLE_OBJC_WEAK = YES;
				CLANG_WARN_BLOCK_CAPTURE_AUTORELEASING = YES;
				CLANG_WARN_BOOL_CONVERSION = YES;
				CLANG_WARN_COMMA = YES;
				CLANG_WARN_CONSTANT_CONVERSION = YES;
				CLANG_WARN_DEPRECATED_OBJC_IMPLEMENTATIONS = YES;
				CLANG_WARN_DIRECT_OBJC_ISA_USAGE = YES_ERROR;
				CLANG_WARN_DOCUMENTATION_COMMENTS = YES;
				CLANG_WARN_EMPTY_BODY = YES;
				CLANG_WARN_ENUM_CONVERSION = YES;
				CLANG_WARN_INFINITE_RECURSION = YES;
				CLANG_WARN_INT_CONVERSION = YES;
				CLANG_WARN_NON_LITERAL_NULL_CONVERSION = YES;
				CLANG_WARN_OBJC_IMPLICIT_RETAIN_SELF = YES;
				CLANG_WARN_OBJC_LITERAL_CONVERSION = YES;
				CLANG_WARN_OBJC_ROOT_CLASS = YES_ERROR;
				CLANG_WARN_QUOTED_INCLUDE_IN_FRAMEWORK_HEADER = YES;
				CLANG_WARN_RANGE_LOOP_ANALYSIS = YES;
				CLANG_WARN_STRICT_PROTOTYPES = YES;
				CLANG_WARN_SUSPICIOUS_MOVE = YES;
				CLANG_WARN_UNGUARDED_AVAILABILITY = YES_AGGRESSIVE;
				CLANG_WARN_UNREACHABLE_CODE = YES;
				CLANG_WARN__DUPLICATE_METHOD_MATCH = YES;
				COPY_PHASE_STRIP = NO;
				DEBUG_INFORMATION_FORMAT = dwarf;
				ENABLE_STRICT_OBJC_MSGSEND = YES;
				ENABLE_TESTABILITY = YES;
				GCC_C_LANGUAGE_STANDARD = gnu11;
				GCC_DYNAMIC_NO_PIC = NO;
				GCC_NO_COMMON_BLOCKS = YES;
				GCC_OPTIMIZATION_LEVEL = 0;
				GCC_PREPROCESSOR_DEFINITIONS = (
					"DEBUG=1",
					"$(inherited)",
				);
				GCC_WARN_64_TO_32_BIT_CONVERSION = YES;
				GCC_WARN_ABOUT_RETURN_TYPE = YES_ERROR;
				GCC_WARN_UNDECLARED_SELECTOR = YES;
				GCC_WARN_UNINITIALIZED_AUTOS = YES_AGGRESSIVE;
				GCC_WARN_UNUSED_FUNCTION = YES;
				GCC_WARN_UNUSED_VARIABLE = YES;
				IPHONEOS_DEPLOYMENT_TARGET = 16.4;
				MTL_ENABLE_DEBUG_INFO = INCLUDE_SOURCE;
				MTL_FAST_MATH = YES;
				ONLY_ACTIVE_ARCH = YES;
				SDKROOT = iphoneos;
				SWIFT_ACTIVE_COMPILATION_CONDITIONS = DEBUG;
				SWIFT_OPTIMIZATION_LEVEL = "-Onone";
			};
			name = Debug;
		};
		E879A4A92A005EF900F852AF /* Release */ = {
			isa = XCBuildConfiguration;
			buildSettings = {
				ALWAYS_SEARCH_USER_PATHS = NO;
				CLANG_ANALYZER_NONNULL = YES;
				CLANG_ANALYZER_NUMBER_OBJECT_CONVERSION = YES_AGGRESSIVE;
				CLANG_CXX_LANGUAGE_STANDARD = "gnu++20";
				CLANG_ENABLE_MODULES = YES;
				CLANG_ENABLE_OBJC_ARC = YES;
				CLANG_ENABLE_OBJC_WEAK = YES;
				CLANG_WARN_BLOCK_CAPTURE_AUTORELEASING = YES;
				CLANG_WARN_BOOL_CONVERSION = YES;
				CLANG_WARN_COMMA = YES;
				CLANG_WARN_CONSTANT_CONVERSION = YES;
				CLANG_WARN_DEPRECATED_OBJC_IMPLEMENTATIONS = YES;
				CLANG_WARN_DIRECT_OBJC_ISA_USAGE = YES_ERROR;
				CLANG_WARN_DOCUMENTATION_COMMENTS = YES;
				CLANG_WARN_EMPTY_BODY = YES;
				CLANG_WARN_ENUM_CONVERSION = YES;
				CLANG_WARN_INFINITE_RECURSION = YES;
				CLANG_WARN_INT_CONVERSION = YES;
				CLANG_WARN_NON_LITERAL_NULL_CONVERSION = YES;
				CLANG_WARN_OBJC_IMPLICIT_RETAIN_SELF = YES;
				CLANG_WARN_OBJC_LITERAL_CONVERSION = YES;
				CLANG_WARN_OBJC_ROOT_CLASS = YES_ERROR;
				CLANG_WARN_QUOTED_INCLUDE_IN_FRAMEWORK_HEADER = YES;
				CLANG_WARN_RANGE_LOOP_ANALYSIS = YES;
				CLANG_WARN_STRICT_PROTOTYPES = YES;
				CLANG_WARN_SUSPICIOUS_MOVE = YES;
				CLANG_WARN_UNGUARDED_AVAILABILITY = YES_AGGRESSIVE;
				CLANG_WARN_UNREACHABLE_CODE = YES;
				CLANG_WARN__DUPLICATE_METHOD_MATCH = YES;
				COPY_PHASE_STRIP = NO;
				DEBUG_INFORMATION_FORMAT = "dwarf-with-dsym";
				ENABLE_NS_ASSERTIONS = NO;
				ENABLE_STRICT_OBJC_MSGSEND = YES;
				GCC_C_LANGUAGE_STANDARD = gnu11;
				GCC_NO_COMMON_BLOCKS = YES;
				GCC_WARN_64_TO_32_BIT_CONVERSION = YES;
				GCC_WARN_ABOUT_RETURN_TYPE = YES_ERROR;
				GCC_WARN_UNDECLARED_SELECTOR = YES;
				GCC_WARN_UNINITIALIZED_AUTOS = YES_AGGRESSIVE;
				GCC_WARN_UNUSED_FUNCTION = YES;
				GCC_WARN_UNUSED_VARIABLE = YES;
				IPHONEOS_DEPLOYMENT_TARGET = 16.4;
				MTL_ENABLE_DEBUG_INFO = NO;
				MTL_FAST_MATH = YES;
				SDKROOT = iphoneos;
				SWIFT_COMPILATION_MODE = wholemodule;
				SWIFT_OPTIMIZATION_LEVEL = "-O";
				VALIDATE_PRODUCT = YES;
			};
			name = Release;
		};
		E879A4AB2A005EF900F852AF /* Debug */ = {
			isa = XCBuildConfiguration;
			buildSettings = {
				ASSETCATALOG_COMPILER_APPICON_NAME = AppIcon;
				ASSETCATALOG_COMPILER_GLOBAL_ACCENT_COLOR_NAME = AccentColor;
				CODE_SIGN_STYLE = Automatic;
				CURRENT_PROJECT_VERSION = 1;
				DEVELOPMENT_TEAM = 45KQWLA498;
				GENERATE_INFOPLIST_FILE = YES;
				INFOPLIST_FILE = Project1UIkit/Info.plist;
				INFOPLIST_KEY_UIApplicationSupportsIndirectInputEvents = YES;
				INFOPLIST_KEY_UILaunchStoryboardName = LaunchScreen;
				INFOPLIST_KEY_UIMainStoryboardFile = Main;
				INFOPLIST_KEY_UISupportedInterfaceOrientations_iPad = "UIInterfaceOrientationPortrait UIInterfaceOrientationPortraitUpsideDown UIInterfaceOrientationLandscapeLeft UIInterfaceOrientationLandscapeRight";
				INFOPLIST_KEY_UISupportedInterfaceOrientations_iPhone = "UIInterfaceOrientationPortrait UIInterfaceOrientationLandscapeLeft UIInterfaceOrientationLandscapeRight";
				LD_RUNPATH_SEARCH_PATHS = (
					"$(inherited)",
					"@executable_path/Frameworks",
				);
				MARKETING_VERSION = 1.0;
				PRODUCT_BUNDLE_IDENTIFIER = mykolazakluka.Project1UIkit;
				PRODUCT_NAME = "$(TARGET_NAME)";
				SWIFT_EMIT_LOC_STRINGS = YES;
				SWIFT_VERSION = 5.0;
				TARGETED_DEVICE_FAMILY = "1,2";
			};
			name = Debug;
		};
		E879A4AC2A005EF900F852AF /* Release */ = {
			isa = XCBuildConfiguration;
			buildSettings = {
				ASSETCATALOG_COMPILER_APPICON_NAME = AppIcon;
				ASSETCATALOG_COMPILER_GLOBAL_ACCENT_COLOR_NAME = AccentColor;
				CODE_SIGN_STYLE = Automatic;
				CURRENT_PROJECT_VERSION = 1;
				DEVELOPMENT_TEAM = 45KQWLA498;
				GENERATE_INFOPLIST_FILE = YES;
				INFOPLIST_FILE = Project1UIkit/Info.plist;
				INFOPLIST_KEY_UIApplicationSupportsIndirectInputEvents = YES;
				INFOPLIST_KEY_UILaunchStoryboardName = LaunchScreen;
				INFOPLIST_KEY_UIMainStoryboardFile = Main;
				INFOPLIST_KEY_UISupportedInterfaceOrientations_iPad = "UIInterfaceOrientationPortrait UIInterfaceOrientationPortraitUpsideDown UIInterfaceOrientationLandscapeLeft UIInterfaceOrientationLandscapeRight";
				INFOPLIST_KEY_UISupportedInterfaceOrientations_iPhone = "UIInterfaceOrientationPortrait UIInterfaceOrientationLandscapeLeft UIInterfaceOrientationLandscapeRight";
				LD_RUNPATH_SEARCH_PATHS = (
					"$(inherited)",
					"@executable_path/Frameworks",
				);
				MARKETING_VERSION = 1.0;
				PRODUCT_BUNDLE_IDENTIFIER = mykolazakluka.Project1UIkit;
				PRODUCT_NAME = "$(TARGET_NAME)";
				SWIFT_EMIT_LOC_STRINGS = YES;
				SWIFT_VERSION = 5.0;
				TARGETED_DEVICE_FAMILY = "1,2";
			};
			name = Release;
		};
/* End XCBuildConfiguration section */

/* Begin XCConfigurationList section */
		E879A4912A005EF700F852AF /* Build configuration list for PBXProject "Project1UIkit" */ = {
			isa = XCConfigurationList;
			buildConfigurations = (
				E879A4A82A005EF900F852AF /* Debug */,
				E879A4A92A005EF900F852AF /* Release */,
			);
			defaultConfigurationIsVisible = 0;
			defaultConfigurationName = Release;
		};
		E879A4AA2A005EF900F852AF /* Build configuration list for PBXNativeTarget "Project1UIkit" */ = {
			isa = XCConfigurationList;
			buildConfigurations = (
				E879A4AB2A005EF900F852AF /* Debug */,
				E879A4AC2A005EF900F852AF /* Release */,
			);
			defaultConfigurationIsVisible = 0;
			defaultConfigurationName = Release;
		};
/* End XCConfigurationList section */
	};
	rootObject = E879A48E2A005EF700F852AF /* Project object */;
}
